
Microsoft Visual Studio Solution File, Format Version 12.00
# Visual Studio Version 17
VisualStudioVersion = 17.4.33213.308
MinimumVisualStudioVersion = 10.0.40219.1
Project("{FAE04EC0-301F-11D3-BF4B-00C04F79EFBC}") = "Movies_CQRS_Feb16", "Movies_CQRS_Feb16\Movies_CQRS_Feb16.csproj", "{D7FFACE6-F575-4D47-BF59-ADC139EB5419}"
EndProject
Project("{FAE04EC0-301F-11D3-BF4B-00C04F79EFBC}") = "Movies_CQRS_Feb16.Tests", "MockFramework_Feb16\Movies_CQRS_Feb16.Tests.csproj", "{387C74EF-4A06-4549-A45C-54D568AA1BE9}"
EndProject
Global
	GlobalSection(SolutionConfigurationPlatforms) = preSolution
		Debug|Any CPU = Debug|Any CPU
		Release|Any CPU = Release|Any CPU
	EndGlobalSection
	GlobalSection(ProjectConfigurationPlatforms) = postSolution
		{D7FFACE6-F575-4D47-BF59-ADC139EB5419}.Debug|Any CPU.ActiveCfg = Debug|Any CPU
		{D7FFACE6-F575-4D47-BF59-ADC139EB5419}.Debug|Any CPU.Build.0 = Debug|Any CPU
		{D7FFACE6-F575-4D47-BF59-ADC139EB5419}.Release|Any CPU.ActiveCfg = Release|Any CPU
		{D7FFACE6-F575-4D47-BF59-ADC139EB5419}.Release|Any CPU.Build.0 = Release|Any CPU
		{387C74EF-4A06-4549-A45C-54D568AA1BE9}.Debug|Any CPU.ActiveCfg = Debug|Any CPU
		{387C74EF-4A06-4549-A45C-54D568AA1BE9}.Debug|Any CPU.Build.0 = Debug|Any CPU
		{387C74EF-4A06-4549-A45C-54D568AA1BE9}.Release|Any CPU.ActiveCfg = Release|Any CPU
		{387C74EF-4A06-4549-A45C-54D568AA1BE9}.Release|Any CPU.Build.0 = Release|Any CPU
	EndGlobalSection
	GlobalSection(SolutionProperties) = preSolution
		HideSolutionNode = FALSE
	EndGlobalSection
	GlobalSection(ExtensibilityGlobals) = postSolution
		SolutionGuid = {5805D79E-5734-472C-A288-D8D76FA2DDDB}
	EndGlobalSection
EndGlobal
